
Microsoft Visual Studio Solution File, Format Version 12.00
# Visual Studio Version 17
VisualStudioVersion = 17.4.33103.184
MinimumVisualStudioVersion = 10.0.40219.1
Project("{FAE04EC0-301F-11D3-BF4B-00C04F79EFBC}") = "Task_1", "Task_1\Task_1.csproj", "{48F24D93-8558-4821-BF29-8CDA436B90BE}"
EndProject
Project("{FAE04EC0-301F-11D3-BF4B-00C04F79EFBC}") = "Task_2", "Task_2\Task_2.csproj", "{A77898EB-977A-4855-87A3-447E183496AD}"
EndProject
Project("{FAE04EC0-301F-11D3-BF4B-00C04F79EFBC}") = "Task_3", "Task_3\Task_3.csproj", "{6B3E289D-A8F3-450E-88FE-1753B5324E7E}"
EndProject
Project("{FAE04EC0-301F-11D3-BF4B-00C04F79EFBC}") = "Task_4", "Task_4\Task_4.csproj", "{5562AA5E-5A28-45F4-9689-853EFE05DE84}"
EndProject
Global
	GlobalSection(SolutionConfigurationPlatforms) = preSolution
		Debug|Any CPU = Debug|Any CPU
		Release|Any CPU = Release|Any CPU
	EndGlobalSection
	GlobalSection(ProjectConfigurationPlatforms) = postSolution
		{48F24D93-8558-4821-BF29-8CDA436B90BE}.Debug|Any CPU.ActiveCfg = Debug|Any CPU
		{48F24D93-8558-4821-BF29-8CDA436B90BE}.Debug|Any CPU.Build.0 = Debug|Any CPU
		{48F24D93-8558-4821-BF29-8CDA436B90BE}.Release|Any CPU.ActiveCfg = Release|Any CPU
		{48F24D93-8558-4821-BF29-8CDA436B90BE}.Release|Any CPU.Build.0 = Release|Any CPU
		{A77898EB-977A-4855-87A3-447E183496AD}.Debug|Any CPU.ActiveCfg = Debug|Any CPU
		{A77898EB-977A-4855-87A3-447E183496AD}.Debug|Any CPU.Build.0 = Debug|Any CPU
		{A77898EB-977A-4855-87A3-447E183496AD}.Release|Any CPU.ActiveCfg = Release|Any CPU
		{A77898EB-977A-4855-87A3-447E183496AD}.Release|Any CPU.Build.0 = Release|Any CPU
		{6B3E289D-A8F3-450E-88FE-1753B5324E7E}.Debug|Any CPU.ActiveCfg = Debug|Any CPU
		{6B3E289D-A8F3-450E-88FE-1753B5324E7E}.Debug|Any CPU.Build.0 = Debug|Any CPU
		{6B3E289D-A8F3-450E-88FE-1753B5324E7E}.Release|Any CPU.ActiveCfg = Release|Any CPU
		{6B3E289D-A8F3-450E-88FE-1753B5324E7E}.Release|Any CPU.Build.0 = Release|Any CPU
		{5562AA5E-5A28-45F4-9689-853EFE05DE84}.Debug|Any CPU.ActiveCfg = Debug|Any CPU
		{5562AA5E-5A28-45F4-9689-853EFE05DE84}.Debug|Any CPU.Build.0 = Debug|Any CPU
		{5562AA5E-5A28-45F4-9689-853EFE05DE84}.Release|Any CPU.ActiveCfg = Release|Any CPU
		{5562AA5E-5A28-45F4-9689-853EFE05DE84}.Release|Any CPU.Build.0 = Release|Any CPU
	EndGlobalSection
	GlobalSection(SolutionProperties) = preSolution
		HideSolutionNode = FALSE
	EndGlobalSection
	GlobalSection(ExtensibilityGlobals) = postSolution
		SolutionGuid = {46D2855E-E6FB-4E38-B965-4D821787D02C}
	EndGlobalSection
EndGlobal
